
Microsoft Visual Studio Solution File, Format Version 12.00
# Visual Studio 15
VisualStudioVersion = 15.0.28307.438
MinimumVisualStudioVersion = 10.0.40219.1
Project("{FAE04EC0-301F-11D3-BF4B-00C04F79EFBC}") = "CentralCanteen", "CentralCanteen\CentralCanteen.csproj", "{C510AFFC-32D1-477E-8090-5E8BAB355C5F}"
EndProject
Project("{FAE04EC0-301F-11D3-BF4B-00C04F79EFBC}") = "Testing", "Testing\Testing.csproj", "{FD9EC7F8-4DA9-4699-AACE-525E30B60B01}"
EndProject
Global
	GlobalSection(SolutionConfigurationPlatforms) = preSolution
		Debug|Any CPU = Debug|Any CPU
		Release|Any CPU = Release|Any CPU
	EndGlobalSection
	GlobalSection(ProjectConfigurationPlatforms) = postSolution
		{C510AFFC-32D1-477E-8090-5E8BAB355C5F}.Debug|Any CPU.ActiveCfg = Debug|Any CPU
		{C510AFFC-32D1-477E-8090-5E8BAB355C5F}.Debug|Any CPU.Build.0 = Debug|Any CPU
		{C510AFFC-32D1-477E-8090-5E8BAB355C5F}.Release|Any CPU.ActiveCfg = Release|Any CPU
		{C510AFFC-32D1-477E-8090-5E8BAB355C5F}.Release|Any CPU.Build.0 = Release|Any CPU
		{FD9EC7F8-4DA9-4699-AACE-525E30B60B01}.Debug|Any CPU.ActiveCfg = Debug|Any CPU
		{FD9EC7F8-4DA9-4699-AACE-525E30B60B01}.Debug|Any CPU.Build.0 = Debug|Any CPU
		{FD9EC7F8-4DA9-4699-AACE-525E30B60B01}.Release|Any CPU.ActiveCfg = Release|Any CPU
		{FD9EC7F8-4DA9-4699-AACE-525E30B60B01}.Release|Any CPU.Build.0 = Release|Any CPU
	EndGlobalSection
	GlobalSection(SolutionProperties) = preSolution
		HideSolutionNode = FALSE
	EndGlobalSection
	GlobalSection(ExtensibilityGlobals) = postSolution
		SolutionGuid = {BDE6B49C-C4E3-4483-9605-BC43B4DC63C4}
	EndGlobalSection
EndGlobal
